
Microsoft Visual Studio Solution File, Format Version 12.00
# Visual Studio Version 16
VisualStudioVersion = 16.0.31025.194
MinimumVisualStudioVersion = 10.0.40219.1
Project("{FAE04EC0-301F-11D3-BF4B-00C04F79EFBC}") = "ServerConfigMtk-P2-20190140041", "ServerConfigMtk-P2-20190140041\ServerConfigMtk-P2-20190140041.csproj", "{4CBB0F26-1F35-4A46-A107-3C2EE7DDFDDB}"
EndProject
Global
	GlobalSection(SolutionConfigurationPlatforms) = preSolution
		Debug|Any CPU = Debug|Any CPU
		Release|Any CPU = Release|Any CPU
	EndGlobalSection
	GlobalSection(ProjectConfigurationPlatforms) = postSolution
		{4CBB0F26-1F35-4A46-A107-3C2EE7DDFDDB}.Debug|Any CPU.ActiveCfg = Debug|Any CPU
		{4CBB0F26-1F35-4A46-A107-3C2EE7DDFDDB}.Debug|Any CPU.Build.0 = Debug|Any CPU
		{4CBB0F26-1F35-4A46-A107-3C2EE7DDFDDB}.Release|Any CPU.ActiveCfg = Release|Any CPU
		{4CBB0F26-1F35-4A46-A107-3C2EE7DDFDDB}.Release|Any CPU.Build.0 = Release|Any CPU
	EndGlobalSection
	GlobalSection(SolutionProperties) = preSolution
		HideSolutionNode = FALSE
	EndGlobalSection
	GlobalSection(ExtensibilityGlobals) = postSolution
		SolutionGuid = {A1878BC5-FB74-4C6F-A96C-D67F58139576}
	EndGlobalSection
EndGlobal
